{
  "nodes": {
    "flakeNimbleLib": {
      "inputs": {
        "nixpkgs": [
          "nixpkgs"
        ]
      },
      "locked": {
        "lastModified": 1662018438,
        "narHash": "sha256-QtNtU6+LX3Wokxf0zlFwKTFOcn6TeDjKQZ+DA9OYtvM=",
        "owner": "riinr",
        "repo": "nim-flakes-lib",
        "rev": "b1fe8340736e3a85d25c709ac3dfd82a55c03cbf",
        "type": "github"
      },
      "original": {
        "owner": "riinr",
        "ref": "master",
        "repo": "nim-flakes-lib",
        "type": "github"
      }
    },
    "mersal-main": {
      "inputs": {
        "flakeNimbleLib": [
          "flakeNimbleLib"
        ],
        "nixpkgs": [
          "nixpkgs"
        ],
        "src-mersal-main": "src-mersal-main"
      },
      "locked": {
        "dir": "main",
        "lastModified": 1667322430,
        "narHash": "sha256-sU2Xs+oC0verAZTFO89OZgJs+AGm/LiKn8TRmp8IPOM=",
        "owner": "nim-nix-pkgs",
        "repo": "mersal",
        "rev": "485b69167623a426cdb263fa68cc6f8f682b9d33",
        "type": "github"
      },
      "original": {
        "dir": "main",
        "owner": "nim-nix-pkgs",
        "ref": "master",
        "repo": "mersal",
        "type": "github"
      }
    },
    "mersal-v0_1_0": {
      "inputs": {
        "flakeNimbleLib": [
          "flakeNimbleLib"
        ],
        "nixpkgs": [
          "nixpkgs"
        ],
        "src-mersal-v0_1_0": "src-mersal-v0_1_0"
      },
      "locked": {
        "dir": "v0_1_0",
        "lastModified": 1667322430,
        "narHash": "sha256-sU2Xs+oC0verAZTFO89OZgJs+AGm/LiKn8TRmp8IPOM=",
        "owner": "nim-nix-pkgs",
        "repo": "mersal",
        "rev": "485b69167623a426cdb263fa68cc6f8f682b9d33",
        "type": "github"
      },
      "original": {
        "dir": "v0_1_0",
        "owner": "nim-nix-pkgs",
        "ref": "master",
        "repo": "mersal",
        "type": "github"
      }
    },
    "nixpkgs": {
      "locked": {
        "lastModified": 1667199707,
        "narHash": "sha256-I2Js3Y7gUyVSEXPULHlBoRek4Lh85vnevdS6mdvDNLI=",
        "owner": "NixOS",
        "repo": "nixpkgs",
        "rev": "ced197be72099edcfa68ebed8b87af7b04851f45",
        "type": "github"
      },
      "original": {
        "id": "nixpkgs",
        "type": "indirect"
      }
    },
    "root": {
      "inputs": {
        "flakeNimbleLib": "flakeNimbleLib",
        "mersal-main": "mersal-main",
        "mersal-v0_1_0": "mersal-v0_1_0",
        "nixpkgs": "nixpkgs"
      }
    },
    "src-mersal-main": {
      "flake": false,
      "locked": {
        "lastModified": 1663959713,
        "narHash": "sha256-oK3OhX5ZTlKeoBpCyuX/H6XeVQbmOmDguoA9XIsPyu8=",
        "owner": "foxoman",
        "repo": "mersal",
        "rev": "b5a14a380c2a6c865d8d48dc954ff9785eadc07b",
        "type": "github"
      },
      "original": {
        "owner": "foxoman",
        "ref": "refs/heads/main",
        "repo": "mersal",
        "type": "github"
      }
    },
    "src-mersal-v0_1_0": {
      "flake": false,
      "locked": {
        "lastModified": 1660339473,
        "narHash": "sha256-70u9UL7x0j96bI9riG3Fa3Gn/5aQLDQW7Ws7CNEqrT8=",
        "owner": "foxoman",
        "repo": "mersal",
        "rev": "18406bd01177daa0e9b840bcc20e6989b3cd88e0",
        "type": "github"
      },
      "original": {
        "owner": "foxoman",
        "ref": "refs/tags/v0.1.0",
        "repo": "mersal",
        "type": "github"
      }
    }
  },
  "root": "root",
  "version": 7
}
